
Microsoft Visual Studio Solution File, Format Version 12.00
# Visual Studio 15
VisualStudioVersion = 15.0.28307.106
MinimumVisualStudioVersion = 10.0.40219.1
Project("{9A19103F-16F7-4668-BE54-9A1E7A4F7556}") = "NET-core2_1-win-network-smb-share", "NET-core2_1-win-network-smb-share\NET-core2_1-win-network-smb-share.csproj", "{06560906-EE4A-4395-ABA2-D7C3A297CE39}"
EndProject
Project("{2150E333-8FDC-42A3-9474-1A3956D46DE8}") = "Scripts", "Scripts", "{A7C3807F-E170-44B4-A000-41061D6F7760}"
	ProjectSection(SolutionItems) = preProject
		scripts\cf-create-service.ps1 = scripts\cf-create-service.ps1
		scripts\setup-env.ps1 = scripts\setup-env.ps1
	EndProjectSection
EndProject
Project("{FAE04EC0-301F-11D3-BF4B-00C04F79EFBC}") = "NET-framework4_6_1-win-network-smb-share", "NET-framework4_6_1-win-network-smb-share\NET-framework4_6_1-win-network-smb-share.csproj", "{817D1DE0-E147-4370-AD50-F568C933FEC1}"
EndProject
Global
	GlobalSection(SolutionConfigurationPlatforms) = preSolution
		Debug|Any CPU = Debug|Any CPU
		Debug|x64 = Debug|x64
		Debug|x86 = Debug|x86
		Release|Any CPU = Release|Any CPU
		Release|x64 = Release|x64
		Release|x86 = Release|x86
	EndGlobalSection
	GlobalSection(ProjectConfigurationPlatforms) = postSolution
		{06560906-EE4A-4395-ABA2-D7C3A297CE39}.Debug|Any CPU.ActiveCfg = Debug|x64
		{06560906-EE4A-4395-ABA2-D7C3A297CE39}.Debug|x64.ActiveCfg = Debug|x64
		{06560906-EE4A-4395-ABA2-D7C3A297CE39}.Debug|x64.Build.0 = Debug|x64
		{06560906-EE4A-4395-ABA2-D7C3A297CE39}.Debug|x86.ActiveCfg = Debug|x64
		{06560906-EE4A-4395-ABA2-D7C3A297CE39}.Release|Any CPU.ActiveCfg = Release|x64
		{06560906-EE4A-4395-ABA2-D7C3A297CE39}.Release|x64.ActiveCfg = Release|x64
		{06560906-EE4A-4395-ABA2-D7C3A297CE39}.Release|x64.Build.0 = Release|x64
		{06560906-EE4A-4395-ABA2-D7C3A297CE39}.Release|x86.ActiveCfg = Release|x64
		{817D1DE0-E147-4370-AD50-F568C933FEC1}.Debug|Any CPU.ActiveCfg = Debug|Any CPU
		{817D1DE0-E147-4370-AD50-F568C933FEC1}.Debug|Any CPU.Build.0 = Debug|Any CPU
		{817D1DE0-E147-4370-AD50-F568C933FEC1}.Debug|x64.ActiveCfg = Debug|Any CPU
		{817D1DE0-E147-4370-AD50-F568C933FEC1}.Debug|x64.Build.0 = Debug|Any CPU
		{817D1DE0-E147-4370-AD50-F568C933FEC1}.Debug|x86.ActiveCfg = Debug|x86
		{817D1DE0-E147-4370-AD50-F568C933FEC1}.Debug|x86.Build.0 = Debug|x86
		{817D1DE0-E147-4370-AD50-F568C933FEC1}.Release|Any CPU.ActiveCfg = Release|Any CPU
		{817D1DE0-E147-4370-AD50-F568C933FEC1}.Release|Any CPU.Build.0 = Release|Any CPU
		{817D1DE0-E147-4370-AD50-F568C933FEC1}.Release|x64.ActiveCfg = Release|Any CPU
		{817D1DE0-E147-4370-AD50-F568C933FEC1}.Release|x64.Build.0 = Release|Any CPU
		{817D1DE0-E147-4370-AD50-F568C933FEC1}.Release|x86.ActiveCfg = Release|x86
		{817D1DE0-E147-4370-AD50-F568C933FEC1}.Release|x86.Build.0 = Release|x86
	EndGlobalSection
	GlobalSection(SolutionProperties) = preSolution
		HideSolutionNode = FALSE
	EndGlobalSection
	GlobalSection(ExtensibilityGlobals) = postSolution
		SolutionGuid = {130798E1-9853-4AD0-BFE0-140E6CEAA199}
	EndGlobalSection
EndGlobal
